<?xml version="1.0" encoding="utf-8"?>
<Project ToolsVersion="4.0" xmlns="http://schemas.microsoft.com/developer/msbuild/2003">
  <ItemGroup>
    <Filter Include="Source Files">
      <UniqueIdentifier>{a86db2d1-9cc2-4b0a-8bf0-144b46c3d4c6}</UniqueIdentifier>
      <Extensions>cpp;c;cxx;rc;def;r;odl;idl;hpj;bat</Extensions>
    </Filter>
    <Filter Include="Header Files">
      <UniqueIdentifier>{9592488b-6f4d-4023-9339-f70ecf137f6c}</UniqueIdentifier>
      <Extensions>h;hpp;hxx;hm;inl</Extensions>
    </Filter>
    <Filter Include="Resource Files">
      <UniqueIdentifier>{c45207ee-318c-498d-bd6a-431e63fde047}</UniqueIdentifier>
      <Extensions>ico;cur;bmp;dlg;rc2;rct;bin;rgs;gif;jpg;jpeg;jpe</Extensions>
    </Filter>
    <Filter Include="Textos">
      <UniqueIdentifier>{796c6571-4391-4a0e-bc48-6fef348bbecf}</UniqueIdentifier>
    </Filter>
  </ItemGroup>
  <ItemGroup>
    <ClCompile Include="src\tk_cpu.cpp">
      <Filter>Source Files</Filter>
    </ClCompile>
    <ClCompile Include="src\tk_debug.cpp">
      <Filter>Source Files</Filter>
    </ClCompile>
    <ClCompile Include="src\tk_disco.cpp">
      <Filter>Source Files</Filter>
    </ClCompile>
    <ClCompile Include="src\tk_imagem.cpp">
      <Filter>Source Files</Filter>
    </ClCompile>
    <ClCompile Include="src\tk_impressora.cpp">
      <Filter>Source Files</Filter>
    </ClCompile>
    <ClCompile Include="src\tk_janela.cpp">
      <Filter>Source Files</Filter>
    </ClCompile>
    <ClCompile Include="src\tk_joystick.cpp">
      <Filter>Source Files</Filter>
    </ClCompile>
    <ClCompile Include="src\tk_main.cpp">
      <Filter>Source Files</Filter>
    </ClCompile>
    <ClCompile Include="src\tk_memoria.cpp">
      <Filter>Source Files</Filter>
    </ClCompile>
    <ClCompile Include="src\tk_registro.cpp">
      <Filter>Source Files</Filter>
    </ClCompile>
    <ClCompile Include="src\tk_som.cpp">
      <Filter>Source Files</Filter>
    </ClCompile>
    <ClCompile Include="src\tk_som_nucleo.cpp">
      <Filter>Source Files</Filter>
    </ClCompile>
    <ClCompile Include="src\tk_tape.cpp">
      <Filter>Source Files</Filter>
    </ClCompile>
    <ClCompile Include="src\tk_teclado.cpp">
      <Filter>Source Files</Filter>
    </ClCompile>
    <ClCompile Include="src\tk_timer.cpp">
      <Filter>Source Files</Filter>
    </ClCompile>
    <ClCompile Include="src\tk_video.cpp">
      <Filter>Source Files</Filter>
    </ClCompile>
    <ClCompile Include="src\utilitarios.cpp">
      <Filter>Source Files</Filter>
    </ClCompile>
  </ItemGroup>
  <ItemGroup>
    <ClInclude Include="src\tk_cpu.h">
      <Filter>Header Files</Filter>
    </ClInclude>
    <ClInclude Include="src\tk_debug.h">
      <Filter>Header Files</Filter>
    </ClInclude>
    <ClInclude Include="src\tk_disco.h">
      <Filter>Header Files</Filter>
    </ClInclude>
    <ClInclude Include="src\tk_imagem.h">
      <Filter>Header Files</Filter>
    </ClInclude>
    <ClInclude Include="src\tk_impressora.h">
      <Filter>Header Files</Filter>
    </ClInclude>
    <ClInclude Include="src\tk_janela.h">
      <Filter>Header Files</Filter>
    </ClInclude>
    <ClInclude Include="src\tk_joystick.h">
      <Filter>Header Files</Filter>
    </ClInclude>
    <ClInclude Include="src\tk_main.h">
      <Filter>Header Files</Filter>
    </ClInclude>
    <ClInclude Include="src\tk_memoria.h">
      <Filter>Header Files</Filter>
    </ClInclude>
    <ClInclude Include="src\tk_registro.h">
      <Filter>Header Files</Filter>
    </ClInclude>
    <ClInclude Include="src\tk_som.h">
      <Filter>Header Files</Filter>
    </ClInclude>
    <ClInclude Include="src\tk_som_nucleo.h">
      <Filter>Header Files</Filter>
    </ClInclude>
    <ClInclude Include="src\tk_stdhdr.h">
      <Filter>Header Files</Filter>
    </ClInclude>
    <ClInclude Include="src\tk_tape.h">
      <Filter>Header Files</Filter>
    </ClInclude>
    <ClInclude Include="src\tk_teclado.h">
      <Filter>Header Files</Filter>
    </ClInclude>
    <ClInclude Include="src\tk_timer.h">
      <Filter>Header Files</Filter>
    </ClInclude>
    <ClInclude Include="src\tk_video.h">
      <Filter>Header Files</Filter>
    </ClInclude>
    <ClInclude Include="recursos\resource.h">
      <Filter>Resource Files</Filter>
    </ClInclude>
    <ClInclude Include="src\utilitarios.h">
      <Filter>Header Files</Filter>
    </ClInclude>
  </ItemGroup>
  <ItemGroup>
    <None Include="recursos\Charset.bmp">
      <Filter>Resource Files</Filter>
    </None>
    <None Include="recursos\Disco.ico">
      <Filter>Resource Files</Filter>
    </None>
    <None Include="recursos\disk.ico">
      <Filter>Resource Files</Filter>
    </None>
    <None Include="recursos\DiskWrite.bmp">
      <Filter>Resource Files</Filter>
    </None>
    <None Include="recursos\LedGreen.bmp">
      <Filter>Resource Files</Filter>
    </None>
    <None Include="recursos\LedOff.bmp">
      <Filter>Resource Files</Filter>
    </None>
    <None Include="recursos\LedRed.bmp">
      <Filter>Resource Files</Filter>
    </None>
    <None Include="recursos\TK2000.ico">
      <Filter>Resource Files</Filter>
    </None>
    <None Include="COPYING.txt">
      <Filter>Textos</Filter>
    </None>
    <None Include="Leiame.txt">
      <Filter>Textos</Filter>
    </None>
    <None Include="Licenca.txt">
      <Filter>Textos</Filter>
    </None>
    <None Include="Mudancas.txt">
      <Filter>Textos</Filter>
    </None>
    <None Include="Tarefas.txt">
      <Filter>Textos</Filter>
    </None>
  </ItemGroup>
  <ItemGroup>
    <ResourceCompile Include="recursos\TK2000.rc">
      <Filter>Resource Files</Filter>
    </ResourceCompile>
  </ItemGroup>
</Project>